// !$*UTF8*$!
{
	archiveVersion = 1;
	classes = {
	};
	objectVersion = 50;
	objects = {

/* Begin PBXBuildFile section */
		97171F6120E439FD0099D380 /* AppDelegate.swift in Sources */ = {isa = PBXBuildFile; fileRef = 97171F6020E439FD0099D380 /* AppDelegate.swift */; };
		97171F6320E439FD0099D380 /* ViewController.swift in Sources */ = {isa = PBXBuildFile; fileRef = 97171F6220E439FD0099D380 /* ViewController.swift */; };
		97171F6620E439FD0099D380 /* Main.storyboard in Resources */ = {isa = PBXBuildFile; fileRef = 97171F6420E439FD0099D380 /* Main.storyboard */; };
		97171F6820E439FE0099D380 /* Assets.xcassets in Resources */ = {isa = PBXBuildFile; fileRef = 97171F6720E439FE0099D380 /* Assets.xcassets */; };
		97171F6B20E439FE0099D380 /* LaunchScreen.storyboard in Resources */ = {isa = PBXBuildFile; fileRef = 97171F6920E439FE0099D380 /* LaunchScreen.storyboard */; };
		97171F7320E43DA70099D380 /* CustomTabbarViewController.swift in Sources */ = {isa = PBXBuildFile; fileRef = 97171F7220E43DA70099D380 /* CustomTabbarViewController.swift */; };
		97171F7520E43E360099D380 /* FirstViewController.swift in Sources */ = {isa = PBXBuildFile; fileRef = 97171F7420E43E360099D380 /* FirstViewController.swift */; };
		97171F7720E43E430099D380 /* SecondViewController.swift in Sources */ = {isa = PBXBuildFile; fileRef = 97171F7620E43E430099D380 /* SecondViewController.swift */; };
		97171F7920E43E4E0099D380 /* ThirdViewController.swift in Sources */ = {isa = PBXBuildFile; fileRef = 97171F7820E43E4E0099D380 /* ThirdViewController.swift */; };
/* End PBXBuildFile section */

/* Begin PBXFileReference section */
		97171F5D20E439FD0099D380 /* CustomTabbarSample.app */ = {isa = PBXFileReference; explicitFileType = wrapper.application; includeInIndex = 0; path = CustomTabbarSample.app; sourceTree = BUILT_PRODUCTS_DIR; };
		97171F6020E439FD0099D380 /* AppDelegate.swift */ = {isa = PBXFileReference; lastKnownFileType = sourcecode.swift; path = AppDelegate.swift; sourceTree = "<group>"; };
		97171F6220E439FD0099D380 /* ViewController.swift */ = {isa = PBXFileReference; lastKnownFileType = sourcecode.swift; path = ViewController.swift; sourceTree = "<group>"; };
		97171F6520E439FD0099D380 /* Base */ = {isa = PBXFileReference; lastKnownFileType = file.storyboard; name = Base; path = Base.lproj/Main.storyboard; sourceTree = "<group>"; };
		97171F6720E439FE0099D380 /* Assets.xcassets */ = {isa = PBXFileReference; lastKnownFileType = folder.assetcatalog; path = Assets.xcassets; sourceTree = "<group>"; };
		97171F6A20E439FE0099D380 /* Base */ = {isa = PBXFileReference; lastKnownFileType = file.storyboard; name = Base; path = Base.lproj/LaunchScreen.storyboard; sourceTree = "<group>"; };
		97171F6C20E439FE0099D380 /* Info.plist */ = {isa = PBXFileReference; lastKnownFileType = text.plist.xml; path = Info.plist; sourceTree = "<group>"; };
		97171F7220E43DA70099D380 /* CustomTabbarViewController.swift */ = {isa = PBXFileReference; lastKnownFileType = sourcecode.swift; path = CustomTabbarViewController.swift; sourceTree = "<group>"; };
		97171F7420E43E360099D380 /* FirstViewController.swift */ = {isa = PBXFileReference; lastKnownFileType = sourcecode.swift; path = FirstViewController.swift; sourceTree = "<group>"; };
		97171F7620E43E430099D380 /* SecondViewController.swift */ = {isa = PBXFileReference; lastKnownFileType = sourcecode.swift; path = SecondViewController.swift; sourceTree = "<group>"; };
		97171F7820E43E4E0099D380 /* ThirdViewController.swift */ = {isa = PBXFileReference; lastKnownFileType = sourcecode.swift; path = ThirdViewController.swift; sourceTree = "<group>"; };
/* End PBXFileReference section */

/* Begin PBXFrameworksBuildPhase section */
		97171F5A20E439FD0099D380 /* Frameworks */ = {
			isa = PBXFrameworksBuildPhase;
			buildActionMask = 2147483647;
			files = (
			);
			runOnlyForDeploymentPostprocessing = 0;
		};
/* End PBXFrameworksBuildPhase section */

/* Begin PBXGroup section */
		97171F5420E439FD0099D380 = {
			isa = PBXGroup;
			children = (
				97171F6020E439FD0099D380 /* AppDelegate.swift */,
				97171F5F20E439FD0099D380 /* CustomTabbarSample */,
				97171F5E20E439FD0099D380 /* Products */,
			);
			sourceTree = "<group>";
		};
		97171F5E20E439FD0099D380 /* Products */ = {
			isa = PBXGroup;
			children = (
				97171F5D20E439FD0099D380 /* CustomTabbarSample.app */,
			);
			name = Products;
			sourceTree = "<group>";
		};
		97171F5F20E439FD0099D380 /* CustomTabbarSample */ = {
			isa = PBXGroup;
			children = (
				97171F7220E43DA70099D380 /* CustomTabbarViewController.swift */,
				97171F7420E43E360099D380 /* FirstViewController.swift */,
				97171F7620E43E430099D380 /* SecondViewController.swift */,
				97171F7820E43E4E0099D380 /* ThirdViewController.swift */,
				97171F6220E439FD0099D380 /* ViewController.swift */,
				97171F6420E439FD0099D380 /* Main.storyboard */,
				97171F6720E439FE0099D380 /* Assets.xcassets */,
				97171F6920E439FE0099D380 /* LaunchScreen.storyboard */,
				97171F6C20E439FE0099D380 /* Info.plist */,
			);
			path = CustomTabbarSample;
			sourceTree = "<group>";
		};
/* End PBXGroup section */

/* Begin PBXNativeTarget section */
		97171F5C20E439FD0099D380 /* CustomTabbarSample */ = {
			isa = PBXNativeTarget;
			buildConfigurationList = 97171F6F20E439FE0099D380 /* Build configuration list for PBXNativeTarget "CustomTabbarSample" */;
			buildPhases = (
				97171F5920E439FD0099D380 /* Sources */,
				97171F5A20E439FD0099D380 /* Frameworks */,
				97171F5B20E439FD0099D380 /* Resources */,
			);
			buildRules = (
			);
			dependencies = (
			);
			name = CustomTabbarSample;
			productName = CustomTabbarSample;
			productReference = 97171F5D20E439FD0099D380 /* CustomTabbarSample.app */;
			productType = "com.apple.product-type.application";
		};
/* End PBXNativeTarget section */

/* Begin PBXProject section */
		97171F5520E439FD0099D380 /* Project object */ = {
			isa = PBXProject;
			attributes = {
				LastSwiftUpdateCheck = 0940;
				LastUpgradeCheck = 0940;
				ORGANIZATIONNAME = "Rajendran Eshwaran";
				TargetAttributes = {
					97171F5C20E439FD0099D380 = {
						CreatedOnToolsVersion = 9.4;
					};
				};
			};
			buildConfigurationList = 97171F5820E439FD0099D380 /* Build configuration list for PBXProject "CustomTabbarSample" */;
			compatibilityVersion = "Xcode 9.3";
			developmentRegion = en;
			hasScannedForEncodings = 0;
			knownRegions = (
				en,
				Base,
			);
			mainGroup = 97171F5420E439FD0099D380;
			productRefGroup = 97171F5E20E439FD0099D380 /* Products */;
			projectDirPath = "";
			projectRoot = "";
			targets = (
				97171F5C20E439FD0099D380 /* CustomTabbarSample */,
			);
		};
/* End PBXProject section */

/* Begin PBXResourcesBuildPhase section */
		97171F5B20E439FD0099D380 /* Resources */ = {
			isa = PBXResourcesBuildPhase;
			buildActionMask = 2147483647;
			files = (
				97171F6B20E439FE0099D380 /* LaunchScreen.storyboard in Resources */,
				97171F6820E439FE0099D380 /* Assets.xcassets in Resources */,
				97171F6620E439FD0099D380 /* Main.storyboard in Resources */,
			);
			runOnlyForDeploymentPostprocessing = 0;
		};
/* End PBXResourcesBuildPhase section */

/* Begin PBXSourcesBuildPhase section */
		97171F5920E439FD0099D380 /* Sources */ = {
			isa = PBXSourcesBuildPhase;
			buildActionMask = 2147483647;
			files = (
				97171F7320E43DA70099D380 /* CustomTabbarViewController.swift in Sources */,
				97171F6320E439FD0099D380 /* ViewController.swift in Sources */,
				97171F6120E439FD0099D380 /* AppDelegate.swift in Sources */,
				97171F7720E43E430099D380 /* SecondViewController.swift in Sources */,
				97171F7920E43E4E0099D380 /* ThirdViewController.swift in Sources */,
				97171F7520E43E360099D380 /* FirstViewController.swift in Sources */,
			);
			runOnlyForDeploymentPostprocessing = 0;
		};
/* End PBXSourcesBuildPhase section */

/* Begin PBXVariantGroup section */
		97171F6420E439FD0099D380 /* Main.storyboard */ = {
			isa = PBXVariantGroup;
			children = (
				97171F6520E439FD0099D380 /* Base */,
			);
			name = Main.storyboard;
			sourceTree = "<group>";
		};
		97171F6920E439FE0099D380 /* LaunchScreen.storyboard */ = {
			isa = PBXVariantGroup;
			children = (
				97171F6A20E439FE0099D380 /* Base */,
			);
			name = LaunchScreen.storyboard;
			sourceTree = "<group>";
		};
/* End PBXVariantGroup section */

/* Begin XCBuildConfiguration section */
		97171F6D20E439FE0099D380 /* Debug */ = {
			isa = XCBuildConfiguration;
			buildSettings = {
				ALWAYS_SEARCH_USER_PATHS = NO;
				CLANG_ANALYZER_NONNULL = YES;
				CLANG_ANALYZER_NUMBER_OBJECT_CONVERSION = YES_AGGRESSIVE;
				CLANG_CXX_LANGUAGE_STANDARD = "gnu++14";
				CLANG_CXX_LIBRARY = "libc++";
				CLANG_ENABLE_MODULES = YES;
				CLANG_ENABLE_OBJC_ARC = YES;
				CLANG_ENABLE_OBJC_WEAK = YES;
				CLANG_WARN_BLOCK_CAPTURE_AUTORELEASING = YES;
				CLANG_WARN_BOOL_CONVERSION = YES;
				CLANG_WARN_COMMA = YES;
				CLANG_WARN_CONSTANT_CONVERSION = YES;
				CLANG_WARN_DEPRECATED_OBJC_IMPLEMENTATIONS = YES;
				CLANG_WARN_DIRECT_OBJC_ISA_USAGE = YES_ERROR;
				CLANG_WARN_DOCUMENTATION_COMMENTS = YES;
				CLANG_WARN_EMPTY_BODY = YES;
				CLANG_WARN_ENUM_CONVERSION = YES;
				CLANG_WARN_INFINITE_RECURSION = YES;
				CLANG_WARN_INT_CONVERSION = YES;
				CLANG_WARN_NON_LITERAL_NULL_CONVERSION = YES;
				CLANG_WARN_OBJC_IMPLICIT_RETAIN_SELF = YES;
				CLANG_WARN_OBJC_LITERAL_CONVERSION = YES;
				CLANG_WARN_OBJC_ROOT_CLASS = YES_ERROR;
				CLANG_WARN_RANGE_LOOP_ANALYSIS = YES;
				CLANG_WARN_STRICT_PROTOTYPES = YES;
				CLANG_WARN_SUSPICIOUS_MOVE = YES;
				CLANG_WARN_UNGUARDED_AVAILABILITY = YES_AGGRESSIVE;
				CLANG_WARN_UNREACHABLE_CODE = YES;
				CLANG_WARN__DUPLICATE_METHOD_MATCH = YES;
				CODE_SIGN_IDENTITY = "iPhone Developer";
				COPY_PHASE_STRIP = NO;
				DEBUG_INFORMATION_FORMAT = dwarf;
				ENABLE_STRICT_OBJC_MSGSEND = YES;
				ENABLE_TESTABILITY = YES;
				GCC_C_LANGUAGE_STANDARD = gnu11;
				GCC_DYNAMIC_NO_PIC = NO;
				GCC_NO_COMMON_BLOCKS = YES;
				GCC_OPTIMIZATION_LEVEL = 0;
				GCC_PREPROCESSOR_DEFINITIONS = (
					"DEBUG=1",
					"$(inherited)",
				);
				GCC_WARN_64_TO_32_BIT_CONVERSION = YES;
				GCC_WARN_ABOUT_RETURN_TYPE = YES_ERROR;
				GCC_WARN_UNDECLARED_SELECTOR = YES;
				GCC_WARN_UNINITIALIZED_AUTOS = YES_AGGRESSIVE;
				GCC_WARN_UNUSED_FUNCTION = YES;
				GCC_WARN_UNUSED_VARIABLE = YES;
				IPHONEOS_DEPLOYMENT_TARGET = 11.4;
				MTL_ENABLE_DEBUG_INFO = YES;
				ONLY_ACTIVE_ARCH = YES;
				SDKROOT = iphoneos;
				SWIFT_ACTIVE_COMPILATION_CONDITIONS = DEBUG;
				SWIFT_OPTIMIZATION_LEVEL = "-Onone";
			};
			name = Debug;
		};
		97171F6E20E439FE0099D380 /* Release */ = {
			isa = XCBuildConfiguration;
			buildSettings = {
				ALWAYS_SEARCH_USER_PATHS = NO;
				CLANG_ANALYZER_NONNULL = YES;
				CLANG_ANALYZER_NUMBER_OBJECT_CONVERSION = YES_AGGRESSIVE;
				CLANG_CXX_LANGUAGE_STANDARD = "gnu++14";
				CLANG_CXX_LIBRARY = "libc++";
				CLANG_ENABLE_MODULES = YES;
				CLANG_ENABLE_OBJC_ARC = YES;
				CLANG_ENABLE_OBJC_WEAK = YES;
				CLANG_WARN_BLOCK_CAPTURE_AUTORELEASING = YES;
				CLANG_WARN_BOOL_CONVERSION = YES;
				CLANG_WARN_COMMA = YES;
				CLANG_WARN_CONSTANT_CONVERSION = YES;
				CLANG_WARN_DEPRECATED_OBJC_IMPLEMENTATIONS = YES;
				CLANG_WARN_DIRECT_OBJC_ISA_USAGE = YES_ERROR;
				CLANG_WARN_DOCUMENTATION_COMMENTS = YES;
				CLANG_WARN_EMPTY_BODY = YES;
				CLANG_WARN_ENUM_CONVERSION = YES;
				CLANG_WARN_INFINITE_RECURSION = YES;
				CLANG_WARN_INT_CONVERSION = YES;
				CLANG_WARN_NON_LITERAL_NULL_CONVERSION = YES;
				CLANG_WARN_OBJC_IMPLICIT_RETAIN_SELF = YES;
				CLANG_WARN_OBJC_LITERAL_CONVERSION = YES;
				CLANG_WARN_OBJC_ROOT_CLASS = YES_ERROR;
				CLANG_WARN_RANGE_LOOP_ANALYSIS = YES;
				CLANG_WARN_STRICT_PROTOTYPES = YES;
				CLANG_WARN_SUSPICIOUS_MOVE = YES;
				CLANG_WARN_UNGUARDED_AVAILABILITY = YES_AGGRESSIVE;
				CLANG_WARN_UNREACHABLE_CODE = YES;
				CLANG_WARN__DUPLICATE_METHOD_MATCH = YES;
				CODE_SIGN_IDENTITY = "iPhone Developer";
				COPY_PHASE_STRIP = NO;
				DEBUG_INFORMATION_FORMAT = "dwarf-with-dsym";
				ENABLE_NS_ASSERTIONS = NO;
				ENABLE_STRICT_OBJC_MSGSEND = YES;
				GCC_C_LANGUAGE_STANDARD = gnu11;
				GCC_NO_COMMON_BLOCKS = YES;
				GCC_WARN_64_TO_32_BIT_CONVERSION = YES;
				GCC_WARN_ABOUT_RETURN_TYPE = YES_ERROR;
				GCC_WARN_UNDECLARED_SELECTOR = YES;
				GCC_WARN_UNINITIALIZED_AUTOS = YES_AGGRESSIVE;
				GCC_WARN_UNUSED_FUNCTION = YES;
				GCC_WARN_UNUSED_VARIABLE = YES;
				IPHONEOS_DEPLOYMENT_TARGET = 11.4;
				MTL_ENABLE_DEBUG_INFO = NO;
				SDKROOT = iphoneos;
				SWIFT_COMPILATION_MODE = wholemodule;
				SWIFT_OPTIMIZATION_LEVEL = "-O";
				VALIDATE_PRODUCT = YES;
			};
			name = Release;
		};
		97171F7020E439FE0099D380 /* Debug */ = {
			isa = XCBuildConfiguration;
			buildSettings = {
				ASSETCATALOG_COMPILER_APPICON_NAME = AppIcon;
				CODE_SIGN_STYLE = Automatic;
				INFOPLIST_FILE = CustomTabbarSample/Info.plist;
				LD_RUNPATH_SEARCH_PATHS = (
					"$(inherited)",
					"@executable_path/Frameworks",
				);
				PRODUCT_BUNDLE_IDENTIFIER = com.rajaygms.CustomTabbarSample;
				PRODUCT_NAME = "$(TARGET_NAME)";
				SWIFT_VERSION = 4.0;
				TARGETED_DEVICE_FAMILY = "1,2";
			};
			name = Debug;
		};
		97171F7120E439FE0099D380 /* Release */ = {
			isa = XCBuildConfiguration;
			buildSettings = {
				ASSETCATALOG_COMPILER_APPICON_NAME = AppIcon;
				CODE_SIGN_STYLE = Automatic;
				INFOPLIST_FILE = CustomTabbarSample/Info.plist;
				LD_RUNPATH_SEARCH_PATHS = (
					"$(inherited)",
					"@executable_path/Frameworks",
				);
				PRODUCT_BUNDLE_IDENTIFIER = com.rajaygms.CustomTabbarSample;
				PRODUCT_NAME = "$(TARGET_NAME)";
				SWIFT_VERSION = 4.0;
				TARGETED_DEVICE_FAMILY = "1,2";
			};
			name = Release;
		};
/* End XCBuildConfiguration section */

/* Begin XCConfigurationList section */
		97171F5820E439FD0099D380 /* Build configuration list for PBXProject "CustomTabbarSample" */ = {
			isa = XCConfigurationList;
			buildConfigurations = (
				97171F6D20E439FE0099D380 /* Debug */,
				97171F6E20E439FE0099D380 /* Release */,
			);
			defaultConfigurationIsVisible = 0;
			defaultConfigurationName = Release;
		};
		97171F6F20E439FE0099D380 /* Build configuration list for PBXNativeTarget "CustomTabbarSample" */ = {
			isa = XCConfigurationList;
			buildConfigurations = (
				97171F7020E439FE0099D380 /* Debug */,
				97171F7120E439FE0099D380 /* Release */,
			);
			defaultConfigurationIsVisible = 0;
			defaultConfigurationName = Release;
		};
/* End XCConfigurationList section */
	};
	rootObject = 97171F5520E439FD0099D380 /* Project object */;
}
