// !$*UTF8*$!
{
	archiveVersion = 1;
	classes = {
	};
	objectVersion = 50;
	objects = {

/* Begin PBXBuildFile section */
		97230EDB20CF5D430046B6B0 /* AppDelegate.swift in Sources */ = {isa = PBXBuildFile; fileRef = 97230EDA20CF5D430046B6B0 /* AppDelegate.swift */; };
		97230EDD20CF5D430046B6B0 /* ViewController.swift in Sources */ = {isa = PBXBuildFile; fileRef = 97230EDC20CF5D430046B6B0 /* ViewController.swift */; };
		97230EE020CF5D430046B6B0 /* Main.storyboard in Resources */ = {isa = PBXBuildFile; fileRef = 97230EDE20CF5D430046B6B0 /* Main.storyboard */; };
		97230EE220CF5D440046B6B0 /* Assets.xcassets in Resources */ = {isa = PBXBuildFile; fileRef = 97230EE120CF5D440046B6B0 /* Assets.xcassets */; };
		97230EE520CF5D440046B6B0 /* LaunchScreen.storyboard in Resources */ = {isa = PBXBuildFile; fileRef = 97230EE320CF5D440046B6B0 /* LaunchScreen.storyboard */; };
		97230EF020CF5D440046B6B0 /* SimpleTabbarControllerTests.swift in Sources */ = {isa = PBXBuildFile; fileRef = 97230EEF20CF5D440046B6B0 /* SimpleTabbarControllerTests.swift */; };
		97230EFB20CF5D450046B6B0 /* SimpleTabbarControllerUITests.swift in Sources */ = {isa = PBXBuildFile; fileRef = 97230EFA20CF5D450046B6B0 /* SimpleTabbarControllerUITests.swift */; };
/* End PBXBuildFile section */

/* Begin PBXContainerItemProxy section */
		97230EEC20CF5D440046B6B0 /* PBXContainerItemProxy */ = {
			isa = PBXContainerItemProxy;
			containerPortal = 97230ECF20CF5D430046B6B0 /* Project object */;
			proxyType = 1;
			remoteGlobalIDString = 97230ED620CF5D430046B6B0;
			remoteInfo = SimpleTabbarController;
		};
		97230EF720CF5D450046B6B0 /* PBXContainerItemProxy */ = {
			isa = PBXContainerItemProxy;
			containerPortal = 97230ECF20CF5D430046B6B0 /* Project object */;
			proxyType = 1;
			remoteGlobalIDString = 97230ED620CF5D430046B6B0;
			remoteInfo = SimpleTabbarController;
		};
/* End PBXContainerItemProxy section */

/* Begin PBXFileReference section */
		97230ED720CF5D430046B6B0 /* SimpleTabbarController.app */ = {isa = PBXFileReference; explicitFileType = wrapper.application; includeInIndex = 0; path = SimpleTabbarController.app; sourceTree = BUILT_PRODUCTS_DIR; };
		97230EDA20CF5D430046B6B0 /* AppDelegate.swift */ = {isa = PBXFileReference; lastKnownFileType = sourcecode.swift; path = AppDelegate.swift; sourceTree = "<group>"; };
		97230EDC20CF5D430046B6B0 /* ViewController.swift */ = {isa = PBXFileReference; lastKnownFileType = sourcecode.swift; path = ViewController.swift; sourceTree = "<group>"; };
		97230EDF20CF5D430046B6B0 /* Base */ = {isa = PBXFileReference; lastKnownFileType = file.storyboard; name = Base; path = Base.lproj/Main.storyboard; sourceTree = "<group>"; };
		97230EE120CF5D440046B6B0 /* Assets.xcassets */ = {isa = PBXFileReference; lastKnownFileType = folder.assetcatalog; path = Assets.xcassets; sourceTree = "<group>"; };
		97230EE420CF5D440046B6B0 /* Base */ = {isa = PBXFileReference; lastKnownFileType = file.storyboard; name = Base; path = Base.lproj/LaunchScreen.storyboard; sourceTree = "<group>"; };
		97230EE620CF5D440046B6B0 /* Info.plist */ = {isa = PBXFileReference; lastKnownFileType = text.plist.xml; path = Info.plist; sourceTree = "<group>"; };
		97230EEB20CF5D440046B6B0 /* SimpleTabbarControllerTests.xctest */ = {isa = PBXFileReference; explicitFileType = wrapper.cfbundle; includeInIndex = 0; path = SimpleTabbarControllerTests.xctest; sourceTree = BUILT_PRODUCTS_DIR; };
		97230EEF20CF5D440046B6B0 /* SimpleTabbarControllerTests.swift */ = {isa = PBXFileReference; lastKnownFileType = sourcecode.swift; path = SimpleTabbarControllerTests.swift; sourceTree = "<group>"; };
		97230EF120CF5D450046B6B0 /* Info.plist */ = {isa = PBXFileReference; lastKnownFileType = text.plist.xml; path = Info.plist; sourceTree = "<group>"; };
		97230EF620CF5D450046B6B0 /* SimpleTabbarControllerUITests.xctest */ = {isa = PBXFileReference; explicitFileType = wrapper.cfbundle; includeInIndex = 0; path = SimpleTabbarControllerUITests.xctest; sourceTree = BUILT_PRODUCTS_DIR; };
		97230EFA20CF5D450046B6B0 /* SimpleTabbarControllerUITests.swift */ = {isa = PBXFileReference; lastKnownFileType = sourcecode.swift; path = SimpleTabbarControllerUITests.swift; sourceTree = "<group>"; };
		97230EFC20CF5D450046B6B0 /* Info.plist */ = {isa = PBXFileReference; lastKnownFileType = text.plist.xml; path = Info.plist; sourceTree = "<group>"; };
/* End PBXFileReference section */

/* Begin PBXFrameworksBuildPhase section */
		97230ED420CF5D430046B6B0 /* Frameworks */ = {
			isa = PBXFrameworksBuildPhase;
			buildActionMask = 2147483647;
			files = (
			);
			runOnlyForDeploymentPostprocessing = 0;
		};
		97230EE820CF5D440046B6B0 /* Frameworks */ = {
			isa = PBXFrameworksBuildPhase;
			buildActionMask = 2147483647;
			files = (
			);
			runOnlyForDeploymentPostprocessing = 0;
		};
		97230EF320CF5D450046B6B0 /* Frameworks */ = {
			isa = PBXFrameworksBuildPhase;
			buildActionMask = 2147483647;
			files = (
			);
			runOnlyForDeploymentPostprocessing = 0;
		};
/* End PBXFrameworksBuildPhase section */

/* Begin PBXGroup section */
		97230ECE20CF5D430046B6B0 = {
			isa = PBXGroup;
			children = (
				97230ED920CF5D430046B6B0 /* SimpleTabbarController */,
				97230EEE20CF5D440046B6B0 /* SimpleTabbarControllerTests */,
				97230EF920CF5D450046B6B0 /* SimpleTabbarControllerUITests */,
				97230ED820CF5D430046B6B0 /* Products */,
			);
			sourceTree = "<group>";
		};
		97230ED820CF5D430046B6B0 /* Products */ = {
			isa = PBXGroup;
			children = (
				97230ED720CF5D430046B6B0 /* SimpleTabbarController.app */,
				97230EEB20CF5D440046B6B0 /* SimpleTabbarControllerTests.xctest */,
				97230EF620CF5D450046B6B0 /* SimpleTabbarControllerUITests.xctest */,
			);
			name = Products;
			sourceTree = "<group>";
		};
		97230ED920CF5D430046B6B0 /* SimpleTabbarController */ = {
			isa = PBXGroup;
			children = (
				97230EDA20CF5D430046B6B0 /* AppDelegate.swift */,
				97230EDC20CF5D430046B6B0 /* ViewController.swift */,
				97230EDE20CF5D430046B6B0 /* Main.storyboard */,
				97230EE120CF5D440046B6B0 /* Assets.xcassets */,
				97230EE320CF5D440046B6B0 /* LaunchScreen.storyboard */,
				97230EE620CF5D440046B6B0 /* Info.plist */,
			);
			path = SimpleTabbarController;
			sourceTree = "<group>";
		};
		97230EEE20CF5D440046B6B0 /* SimpleTabbarControllerTests */ = {
			isa = PBXGroup;
			children = (
				97230EEF20CF5D440046B6B0 /* SimpleTabbarControllerTests.swift */,
				97230EF120CF5D450046B6B0 /* Info.plist */,
			);
			path = SimpleTabbarControllerTests;
			sourceTree = "<group>";
		};
		97230EF920CF5D450046B6B0 /* SimpleTabbarControllerUITests */ = {
			isa = PBXGroup;
			children = (
				97230EFA20CF5D450046B6B0 /* SimpleTabbarControllerUITests.swift */,
				97230EFC20CF5D450046B6B0 /* Info.plist */,
			);
			path = SimpleTabbarControllerUITests;
			sourceTree = "<group>";
		};
/* End PBXGroup section */

/* Begin PBXNativeTarget section */
		97230ED620CF5D430046B6B0 /* SimpleTabbarController */ = {
			isa = PBXNativeTarget;
			buildConfigurationList = 97230EFF20CF5D450046B6B0 /* Build configuration list for PBXNativeTarget "SimpleTabbarController" */;
			buildPhases = (
				97230ED320CF5D430046B6B0 /* Sources */,
				97230ED420CF5D430046B6B0 /* Frameworks */,
				97230ED520CF5D430046B6B0 /* Resources */,
			);
			buildRules = (
			);
			dependencies = (
			);
			name = SimpleTabbarController;
			productName = SimpleTabbarController;
			productReference = 97230ED720CF5D430046B6B0 /* SimpleTabbarController.app */;
			productType = "com.apple.product-type.application";
		};
		97230EEA20CF5D440046B6B0 /* SimpleTabbarControllerTests */ = {
			isa = PBXNativeTarget;
			buildConfigurationList = 97230F0220CF5D450046B6B0 /* Build configuration list for PBXNativeTarget "SimpleTabbarControllerTests" */;
			buildPhases = (
				97230EE720CF5D440046B6B0 /* Sources */,
				97230EE820CF5D440046B6B0 /* Frameworks */,
				97230EE920CF5D440046B6B0 /* Resources */,
			);
			buildRules = (
			);
			dependencies = (
				97230EED20CF5D440046B6B0 /* PBXTargetDependency */,
			);
			name = SimpleTabbarControllerTests;
			productName = SimpleTabbarControllerTests;
			productReference = 97230EEB20CF5D440046B6B0 /* SimpleTabbarControllerTests.xctest */;
			productType = "com.apple.product-type.bundle.unit-test";
		};
		97230EF520CF5D450046B6B0 /* SimpleTabbarControllerUITests */ = {
			isa = PBXNativeTarget;
			buildConfigurationList = 97230F0520CF5D450046B6B0 /* Build configuration list for PBXNativeTarget "SimpleTabbarControllerUITests" */;
			buildPhases = (
				97230EF220CF5D450046B6B0 /* Sources */,
				97230EF320CF5D450046B6B0 /* Frameworks */,
				97230EF420CF5D450046B6B0 /* Resources */,
			);
			buildRules = (
			);
			dependencies = (
				97230EF820CF5D450046B6B0 /* PBXTargetDependency */,
			);
			name = SimpleTabbarControllerUITests;
			productName = SimpleTabbarControllerUITests;
			productReference = 97230EF620CF5D450046B6B0 /* SimpleTabbarControllerUITests.xctest */;
			productType = "com.apple.product-type.bundle.ui-testing";
		};
/* End PBXNativeTarget section */

/* Begin PBXProject section */
		97230ECF20CF5D430046B6B0 /* Project object */ = {
			isa = PBXProject;
			attributes = {
				LastSwiftUpdateCheck = 0940;
				LastUpgradeCheck = 0940;
				ORGANIZATIONNAME = "Rajendran Eshwaran";
				TargetAttributes = {
					97230ED620CF5D430046B6B0 = {
						CreatedOnToolsVersion = 9.4;
					};
					97230EEA20CF5D440046B6B0 = {
						CreatedOnToolsVersion = 9.4;
						TestTargetID = 97230ED620CF5D430046B6B0;
					};
					97230EF520CF5D450046B6B0 = {
						CreatedOnToolsVersion = 9.4;
						TestTargetID = 97230ED620CF5D430046B6B0;
					};
				};
			};
			buildConfigurationList = 97230ED220CF5D430046B6B0 /* Build configuration list for PBXProject "SimpleTabbarController" */;
			compatibilityVersion = "Xcode 9.3";
			developmentRegion = en;
			hasScannedForEncodings = 0;
			knownRegions = (
				en,
				Base,
			);
			mainGroup = 97230ECE20CF5D430046B6B0;
			productRefGroup = 97230ED820CF5D430046B6B0 /* Products */;
			projectDirPath = "";
			projectRoot = "";
			targets = (
				97230ED620CF5D430046B6B0 /* SimpleTabbarController */,
				97230EEA20CF5D440046B6B0 /* SimpleTabbarControllerTests */,
				97230EF520CF5D450046B6B0 /* SimpleTabbarControllerUITests */,
			);
		};
/* End PBXProject section */

/* Begin PBXResourcesBuildPhase section */
		97230ED520CF5D430046B6B0 /* Resources */ = {
			isa = PBXResourcesBuildPhase;
			buildActionMask = 2147483647;
			files = (
				97230EE520CF5D440046B6B0 /* LaunchScreen.storyboard in Resources */,
				97230EE220CF5D440046B6B0 /* Assets.xcassets in Resources */,
				97230EE020CF5D430046B6B0 /* Main.storyboard in Resources */,
			);
			runOnlyForDeploymentPostprocessing = 0;
		};
		97230EE920CF5D440046B6B0 /* Resources */ = {
			isa = PBXResourcesBuildPhase;
			buildActionMask = 2147483647;
			files = (
			);
			runOnlyForDeploymentPostprocessing = 0;
		};
		97230EF420CF5D450046B6B0 /* Resources */ = {
			isa = PBXResourcesBuildPhase;
			buildActionMask = 2147483647;
			files = (
			);
			runOnlyForDeploymentPostprocessing = 0;
		};
/* End PBXResourcesBuildPhase section */

/* Begin PBXSourcesBuildPhase section */
		97230ED320CF5D430046B6B0 /* Sources */ = {
			isa = PBXSourcesBuildPhase;
			buildActionMask = 2147483647;
			files = (
				97230EDD20CF5D430046B6B0 /* ViewController.swift in Sources */,
				97230EDB20CF5D430046B6B0 /* AppDelegate.swift in Sources */,
			);
			runOnlyForDeploymentPostprocessing = 0;
		};
		97230EE720CF5D440046B6B0 /* Sources */ = {
			isa = PBXSourcesBuildPhase;
			buildActionMask = 2147483647;
			files = (
				97230EF020CF5D440046B6B0 /* SimpleTabbarControllerTests.swift in Sources */,
			);
			runOnlyForDeploymentPostprocessing = 0;
		};
		97230EF220CF5D450046B6B0 /* Sources */ = {
			isa = PBXSourcesBuildPhase;
			buildActionMask = 2147483647;
			files = (
				97230EFB20CF5D450046B6B0 /* SimpleTabbarControllerUITests.swift in Sources */,
			);
			runOnlyForDeploymentPostprocessing = 0;
		};
/* End PBXSourcesBuildPhase section */

/* Begin PBXTargetDependency section */
		97230EED20CF5D440046B6B0 /* PBXTargetDependency */ = {
			isa = PBXTargetDependency;
			target = 97230ED620CF5D430046B6B0 /* SimpleTabbarController */;
			targetProxy = 97230EEC20CF5D440046B6B0 /* PBXContainerItemProxy */;
		};
		97230EF820CF5D450046B6B0 /* PBXTargetDependency */ = {
			isa = PBXTargetDependency;
			target = 97230ED620CF5D430046B6B0 /* SimpleTabbarController */;
			targetProxy = 97230EF720CF5D450046B6B0 /* PBXContainerItemProxy */;
		};
/* End PBXTargetDependency section */

/* Begin PBXVariantGroup section */
		97230EDE20CF5D430046B6B0 /* Main.storyboard */ = {
			isa = PBXVariantGroup;
			children = (
				97230EDF20CF5D430046B6B0 /* Base */,
			);
			name = Main.storyboard;
			sourceTree = "<group>";
		};
		97230EE320CF5D440046B6B0 /* LaunchScreen.storyboard */ = {
			isa = PBXVariantGroup;
			children = (
				97230EE420CF5D440046B6B0 /* Base */,
			);
			name = LaunchScreen.storyboard;
			sourceTree = "<group>";
		};
/* End PBXVariantGroup section */

/* Begin XCBuildConfiguration section */
		97230EFD20CF5D450046B6B0 /* Debug */ = {
			isa = XCBuildConfiguration;
			buildSettings = {
				ALWAYS_SEARCH_USER_PATHS = NO;
				CLANG_ANALYZER_NONNULL = YES;
				CLANG_ANALYZER_NUMBER_OBJECT_CONVERSION = YES_AGGRESSIVE;
				CLANG_CXX_LANGUAGE_STANDARD = "gnu++14";
				CLANG_CXX_LIBRARY = "libc++";
				CLANG_ENABLE_MODULES = YES;
				CLANG_ENABLE_OBJC_ARC = YES;
				CLANG_ENABLE_OBJC_WEAK = YES;
				CLANG_WARN_BLOCK_CAPTURE_AUTORELEASING = YES;
				CLANG_WARN_BOOL_CONVERSION = YES;
				CLANG_WARN_COMMA = YES;
				CLANG_WARN_CONSTANT_CONVERSION = YES;
				CLANG_WARN_DEPRECATED_OBJC_IMPLEMENTATIONS = YES;
				CLANG_WARN_DIRECT_OBJC_ISA_USAGE = YES_ERROR;
				CLANG_WARN_DOCUMENTATION_COMMENTS = YES;
				CLANG_WARN_EMPTY_BODY = YES;
				CLANG_WARN_ENUM_CONVERSION = YES;
				CLANG_WARN_INFINITE_RECURSION = YES;
				CLANG_WARN_INT_CONVERSION = YES;
				CLANG_WARN_NON_LITERAL_NULL_CONVERSION = YES;
				CLANG_WARN_OBJC_IMPLICIT_RETAIN_SELF = YES;
				CLANG_WARN_OBJC_LITERAL_CONVERSION = YES;
				CLANG_WARN_OBJC_ROOT_CLASS = YES_ERROR;
				CLANG_WARN_RANGE_LOOP_ANALYSIS = YES;
				CLANG_WARN_STRICT_PROTOTYPES = YES;
				CLANG_WARN_SUSPICIOUS_MOVE = YES;
				CLANG_WARN_UNGUARDED_AVAILABILITY = YES_AGGRESSIVE;
				CLANG_WARN_UNREACHABLE_CODE = YES;
				CLANG_WARN__DUPLICATE_METHOD_MATCH = YES;
				CODE_SIGN_IDENTITY = "iPhone Developer";
				COPY_PHASE_STRIP = NO;
				DEBUG_INFORMATION_FORMAT = dwarf;
				ENABLE_STRICT_OBJC_MSGSEND = YES;
				ENABLE_TESTABILITY = YES;
				GCC_C_LANGUAGE_STANDARD = gnu11;
				GCC_DYNAMIC_NO_PIC = NO;
				GCC_NO_COMMON_BLOCKS = YES;
				GCC_OPTIMIZATION_LEVEL = 0;
				GCC_PREPROCESSOR_DEFINITIONS = (
					"DEBUG=1",
					"$(inherited)",
				);
				GCC_WARN_64_TO_32_BIT_CONVERSION = YES;
				GCC_WARN_ABOUT_RETURN_TYPE = YES_ERROR;
				GCC_WARN_UNDECLARED_SELECTOR = YES;
				GCC_WARN_UNINITIALIZED_AUTOS = YES_AGGRESSIVE;
				GCC_WARN_UNUSED_FUNCTION = YES;
				GCC_WARN_UNUSED_VARIABLE = YES;
				IPHONEOS_DEPLOYMENT_TARGET = 11.4;
				MTL_ENABLE_DEBUG_INFO = YES;
				ONLY_ACTIVE_ARCH = YES;
				SDKROOT = iphoneos;
				SWIFT_ACTIVE_COMPILATION_CONDITIONS = DEBUG;
				SWIFT_OPTIMIZATION_LEVEL = "-Onone";
			};
			name = Debug;
		};
		97230EFE20CF5D450046B6B0 /* Release */ = {
			isa = XCBuildConfiguration;
			buildSettings = {
				ALWAYS_SEARCH_USER_PATHS = NO;
				CLANG_ANALYZER_NONNULL = YES;
				CLANG_ANALYZER_NUMBER_OBJECT_CONVERSION = YES_AGGRESSIVE;
				CLANG_CXX_LANGUAGE_STANDARD = "gnu++14";
				CLANG_CXX_LIBRARY = "libc++";
				CLANG_ENABLE_MODULES = YES;
				CLANG_ENABLE_OBJC_ARC = YES;
				CLANG_ENABLE_OBJC_WEAK = YES;
				CLANG_WARN_BLOCK_CAPTURE_AUTORELEASING = YES;
				CLANG_WARN_BOOL_CONVERSION = YES;
				CLANG_WARN_COMMA = YES;
				CLANG_WARN_CONSTANT_CONVERSION = YES;
				CLANG_WARN_DEPRECATED_OBJC_IMPLEMENTATIONS = YES;
				CLANG_WARN_DIRECT_OBJC_ISA_USAGE = YES_ERROR;
				CLANG_WARN_DOCUMENTATION_COMMENTS = YES;
				CLANG_WARN_EMPTY_BODY = YES;
				CLANG_WARN_ENUM_CONVERSION = YES;
				CLANG_WARN_INFINITE_RECURSION = YES;
				CLANG_WARN_INT_CONVERSION = YES;
				CLANG_WARN_NON_LITERAL_NULL_CONVERSION = YES;
				CLANG_WARN_OBJC_IMPLICIT_RETAIN_SELF = YES;
				CLANG_WARN_OBJC_LITERAL_CONVERSION = YES;
				CLANG_WARN_OBJC_ROOT_CLASS = YES_ERROR;
				CLANG_WARN_RANGE_LOOP_ANALYSIS = YES;
				CLANG_WARN_STRICT_PROTOTYPES = YES;
				CLANG_WARN_SUSPICIOUS_MOVE = YES;
				CLANG_WARN_UNGUARDED_AVAILABILITY = YES_AGGRESSIVE;
				CLANG_WARN_UNREACHABLE_CODE = YES;
				CLANG_WARN__DUPLICATE_METHOD_MATCH = YES;
				CODE_SIGN_IDENTITY = "iPhone Developer";
				COPY_PHASE_STRIP = NO;
				DEBUG_INFORMATION_FORMAT = "dwarf-with-dsym";
				ENABLE_NS_ASSERTIONS = NO;
				ENABLE_STRICT_OBJC_MSGSEND = YES;
				GCC_C_LANGUAGE_STANDARD = gnu11;
				GCC_NO_COMMON_BLOCKS = YES;
				GCC_WARN_64_TO_32_BIT_CONVERSION = YES;
				GCC_WARN_ABOUT_RETURN_TYPE = YES_ERROR;
				GCC_WARN_UNDECLARED_SELECTOR = YES;
				GCC_WARN_UNINITIALIZED_AUTOS = YES_AGGRESSIVE;
				GCC_WARN_UNUSED_FUNCTION = YES;
				GCC_WARN_UNUSED_VARIABLE = YES;
				IPHONEOS_DEPLOYMENT_TARGET = 11.4;
				MTL_ENABLE_DEBUG_INFO = NO;
				SDKROOT = iphoneos;
				SWIFT_COMPILATION_MODE = wholemodule;
				SWIFT_OPTIMIZATION_LEVEL = "-O";
				VALIDATE_PRODUCT = YES;
			};
			name = Release;
		};
		97230F0020CF5D450046B6B0 /* Debug */ = {
			isa = XCBuildConfiguration;
			buildSettings = {
				ASSETCATALOG_COMPILER_APPICON_NAME = AppIcon;
				CODE_SIGN_STYLE = Manual;
				DEVELOPMENT_TEAM = "";
				INFOPLIST_FILE = SimpleTabbarController/Info.plist;
				LD_RUNPATH_SEARCH_PATHS = (
					"$(inherited)",
					"@executable_path/Frameworks",
				);
				PRODUCT_BUNDLE_IDENTIFIER = com.rajaygms.SimpleTabbarController;
				PRODUCT_NAME = "$(TARGET_NAME)";
				PROVISIONING_PROFILE_SPECIFIER = "";
				SWIFT_VERSION = 4.0;
				TARGETED_DEVICE_FAMILY = "1,2";
			};
			name = Debug;
		};
		97230F0120CF5D450046B6B0 /* Release */ = {
			isa = XCBuildConfiguration;
			buildSettings = {
				ASSETCATALOG_COMPILER_APPICON_NAME = AppIcon;
				CODE_SIGN_STYLE = Manual;
				DEVELOPMENT_TEAM = "";
				INFOPLIST_FILE = SimpleTabbarController/Info.plist;
				LD_RUNPATH_SEARCH_PATHS = (
					"$(inherited)",
					"@executable_path/Frameworks",
				);
				PRODUCT_BUNDLE_IDENTIFIER = com.rajaygms.SimpleTabbarController;
				PRODUCT_NAME = "$(TARGET_NAME)";
				PROVISIONING_PROFILE_SPECIFIER = "";
				SWIFT_VERSION = 4.0;
				TARGETED_DEVICE_FAMILY = "1,2";
			};
			name = Release;
		};
		97230F0320CF5D450046B6B0 /* Debug */ = {
			isa = XCBuildConfiguration;
			buildSettings = {
				ALWAYS_EMBED_SWIFT_STANDARD_LIBRARIES = YES;
				BUNDLE_LOADER = "$(TEST_HOST)";
				CODE_SIGN_STYLE = Automatic;
				INFOPLIST_FILE = SimpleTabbarControllerTests/Info.plist;
				LD_RUNPATH_SEARCH_PATHS = (
					"$(inherited)",
					"@executable_path/Frameworks",
					"@loader_path/Frameworks",
				);
				PRODUCT_BUNDLE_IDENTIFIER = com.rajaygms.SimpleTabbarControllerTests;
				PRODUCT_NAME = "$(TARGET_NAME)";
				SWIFT_VERSION = 4.0;
				TARGETED_DEVICE_FAMILY = "1,2";
				TEST_HOST = "$(BUILT_PRODUCTS_DIR)/SimpleTabbarController.app/SimpleTabbarController";
			};
			name = Debug;
		};
		97230F0420CF5D450046B6B0 /* Release */ = {
			isa = XCBuildConfiguration;
			buildSettings = {
				ALWAYS_EMBED_SWIFT_STANDARD_LIBRARIES = YES;
				BUNDLE_LOADER = "$(TEST_HOST)";
				CODE_SIGN_STYLE = Automatic;
				INFOPLIST_FILE = SimpleTabbarControllerTests/Info.plist;
				LD_RUNPATH_SEARCH_PATHS = (
					"$(inherited)",
					"@executable_path/Frameworks",
					"@loader_path/Frameworks",
				);
				PRODUCT_BUNDLE_IDENTIFIER = com.rajaygms.SimpleTabbarControllerTests;
				PRODUCT_NAME = "$(TARGET_NAME)";
				SWIFT_VERSION = 4.0;
				TARGETED_DEVICE_FAMILY = "1,2";
				TEST_HOST = "$(BUILT_PRODUCTS_DIR)/SimpleTabbarController.app/SimpleTabbarController";
			};
			name = Release;
		};
		97230F0620CF5D450046B6B0 /* Debug */ = {
			isa = XCBuildConfiguration;
			buildSettings = {
				ALWAYS_EMBED_SWIFT_STANDARD_LIBRARIES = YES;
				CODE_SIGN_STYLE = Automatic;
				INFOPLIST_FILE = SimpleTabbarControllerUITests/Info.plist;
				LD_RUNPATH_SEARCH_PATHS = (
					"$(inherited)",
					"@executable_path/Frameworks",
					"@loader_path/Frameworks",
				);
				PRODUCT_BUNDLE_IDENTIFIER = com.rajaygms.SimpleTabbarControllerUITests;
				PRODUCT_NAME = "$(TARGET_NAME)";
				SWIFT_VERSION = 4.0;
				TARGETED_DEVICE_FAMILY = "1,2";
				TEST_TARGET_NAME = SimpleTabbarController;
			};
			name = Debug;
		};
		97230F0720CF5D450046B6B0 /* Release */ = {
			isa = XCBuildConfiguration;
			buildSettings = {
				ALWAYS_EMBED_SWIFT_STANDARD_LIBRARIES = YES;
				CODE_SIGN_STYLE = Automatic;
				INFOPLIST_FILE = SimpleTabbarControllerUITests/Info.plist;
				LD_RUNPATH_SEARCH_PATHS = (
					"$(inherited)",
					"@executable_path/Frameworks",
					"@loader_path/Frameworks",
				);
				PRODUCT_BUNDLE_IDENTIFIER = com.rajaygms.SimpleTabbarControllerUITests;
				PRODUCT_NAME = "$(TARGET_NAME)";
				SWIFT_VERSION = 4.0;
				TARGETED_DEVICE_FAMILY = "1,2";
				TEST_TARGET_NAME = SimpleTabbarController;
			};
			name = Release;
		};
/* End XCBuildConfiguration section */

/* Begin XCConfigurationList section */
		97230ED220CF5D430046B6B0 /* Build configuration list for PBXProject "SimpleTabbarController" */ = {
			isa = XCConfigurationList;
			buildConfigurations = (
				97230EFD20CF5D450046B6B0 /* Debug */,
				97230EFE20CF5D450046B6B0 /* Release */,
			);
			defaultConfigurationIsVisible = 0;
			defaultConfigurationName = Release;
		};
		97230EFF20CF5D450046B6B0 /* Build configuration list for PBXNativeTarget "SimpleTabbarController" */ = {
			isa = XCConfigurationList;
			buildConfigurations = (
				97230F0020CF5D450046B6B0 /* Debug */,
				97230F0120CF5D450046B6B0 /* Release */,
			);
			defaultConfigurationIsVisible = 0;
			defaultConfigurationName = Release;
		};
		97230F0220CF5D450046B6B0 /* Build configuration list for PBXNativeTarget "SimpleTabbarControllerTests" */ = {
			isa = XCConfigurationList;
			buildConfigurations = (
				97230F0320CF5D450046B6B0 /* Debug */,
				97230F0420CF5D450046B6B0 /* Release */,
			);
			defaultConfigurationIsVisible = 0;
			defaultConfigurationName = Release;
		};
		97230F0520CF5D450046B6B0 /* Build configuration list for PBXNativeTarget "SimpleTabbarControllerUITests" */ = {
			isa = XCConfigurationList;
			buildConfigurations = (
				97230F0620CF5D450046B6B0 /* Debug */,
				97230F0720CF5D450046B6B0 /* Release */,
			);
			defaultConfigurationIsVisible = 0;
			defaultConfigurationName = Release;
		};
/* End XCConfigurationList section */
	};
	rootObject = 97230ECF20CF5D430046B6B0 /* Project object */;
}
